
Microsoft Visual Studio Solution File, Format Version 11.00
# Visual Studio 2010
Project("{FAE04EC0-301F-11D3-BF4B-00C04F79EFBC}") = "SteamVR_Actions", "SteamVR_Actions.csproj", "{67CA4A1D-9F1B-93B2-D01B-46798938AFB0}"
EndProject
Project("{FAE04EC0-301F-11D3-BF4B-00C04F79EFBC}") = "SteamVR", "SteamVR.csproj", "{9A2099CB-4331-CB10-5910-A5ABFF8F2A25}"
EndProject
Project("{FAE04EC0-301F-11D3-BF4B-00C04F79EFBC}") = "Assembly-CSharp", "Assembly-CSharp.csproj", "{5E1FDF48-4728-A986-F081-208217D046C7}"
EndProject
Project("{FAE04EC0-301F-11D3-BF4B-00C04F79EFBC}") = "SteamVR_Editor", "SteamVR_Editor.csproj", "{6EE3A390-71A3-C095-A036-4E232E625348}"
EndProject
Project("{FAE04EC0-301F-11D3-BF4B-00C04F79EFBC}") = "SteamVR_Input_Editor", "SteamVR_Input_Editor.csproj", "{04B2C38A-1280-B534-5A87-BE6C6558B531}"
EndProject
Project("{FAE04EC0-301F-11D3-BF4B-00C04F79EFBC}") = "Assembly-CSharp-Editor", "Assembly-CSharp-Editor.csproj", "{4BB7C889-B6E3-AB9F-1BE9-210CA2464E3F}"
EndProject
Project("{FAE04EC0-301F-11D3-BF4B-00C04F79EFBC}") = "SteamVR_Windows_EditorHelper", "SteamVR_Windows_EditorHelper.csproj", "{2C5B887E-9725-D59C-9501-A5DEC0C5F97B}"
EndProject
Global
	GlobalSection(SolutionConfigurationPlatforms) = preSolution
		Debug|Any CPU = Debug|Any CPU
		Release|Any CPU = Release|Any CPU
	EndGlobalSection
	GlobalSection(ProjectConfigurationPlatforms) = postSolution
		{67CA4A1D-9F1B-93B2-D01B-46798938AFB0}.Debug|Any CPU.ActiveCfg = Debug|Any CPU
		{67CA4A1D-9F1B-93B2-D01B-46798938AFB0}.Debug|Any CPU.Build.0 = Debug|Any CPU
		{67CA4A1D-9F1B-93B2-D01B-46798938AFB0}.Release|Any CPU.ActiveCfg = Release|Any CPU
		{67CA4A1D-9F1B-93B2-D01B-46798938AFB0}.Release|Any CPU.Build.0 = Release|Any CPU
		{9A2099CB-4331-CB10-5910-A5ABFF8F2A25}.Debug|Any CPU.ActiveCfg = Debug|Any CPU
		{9A2099CB-4331-CB10-5910-A5ABFF8F2A25}.Debug|Any CPU.Build.0 = Debug|Any CPU
		{9A2099CB-4331-CB10-5910-A5ABFF8F2A25}.Release|Any CPU.ActiveCfg = Release|Any CPU
		{9A2099CB-4331-CB10-5910-A5ABFF8F2A25}.Release|Any CPU.Build.0 = Release|Any CPU
		{5E1FDF48-4728-A986-F081-208217D046C7}.Debug|Any CPU.ActiveCfg = Debug|Any CPU
		{5E1FDF48-4728-A986-F081-208217D046C7}.Debug|Any CPU.Build.0 = Debug|Any CPU
		{5E1FDF48-4728-A986-F081-208217D046C7}.Release|Any CPU.ActiveCfg = Release|Any CPU
		{5E1FDF48-4728-A986-F081-208217D046C7}.Release|Any CPU.Build.0 = Release|Any CPU
		{6EE3A390-71A3-C095-A036-4E232E625348}.Debug|Any CPU.ActiveCfg = Debug|Any CPU
		{6EE3A390-71A3-C095-A036-4E232E625348}.Debug|Any CPU.Build.0 = Debug|Any CPU
		{6EE3A390-71A3-C095-A036-4E232E625348}.Release|Any CPU.ActiveCfg = Release|Any CPU
		{6EE3A390-71A3-C095-A036-4E232E625348}.Release|Any CPU.Build.0 = Release|Any CPU
		{04B2C38A-1280-B534-5A87-BE6C6558B531}.Debug|Any CPU.ActiveCfg = Debug|Any CPU
		{04B2C38A-1280-B534-5A87-BE6C6558B531}.Debug|Any CPU.Build.0 = Debug|Any CPU
		{04B2C38A-1280-B534-5A87-BE6C6558B531}.Release|Any CPU.ActiveCfg = Release|Any CPU
		{04B2C38A-1280-B534-5A87-BE6C6558B531}.Release|Any CPU.Build.0 = Release|Any CPU
		{4BB7C889-B6E3-AB9F-1BE9-210CA2464E3F}.Debug|Any CPU.ActiveCfg = Debug|Any CPU
		{4BB7C889-B6E3-AB9F-1BE9-210CA2464E3F}.Debug|Any CPU.Build.0 = Debug|Any CPU
		{4BB7C889-B6E3-AB9F-1BE9-210CA2464E3F}.Release|Any CPU.ActiveCfg = Release|Any CPU
		{4BB7C889-B6E3-AB9F-1BE9-210CA2464E3F}.Release|Any CPU.Build.0 = Release|Any CPU
		{2C5B887E-9725-D59C-9501-A5DEC0C5F97B}.Debug|Any CPU.ActiveCfg = Debug|Any CPU
		{2C5B887E-9725-D59C-9501-A5DEC0C5F97B}.Debug|Any CPU.Build.0 = Debug|Any CPU
		{2C5B887E-9725-D59C-9501-A5DEC0C5F97B}.Release|Any CPU.ActiveCfg = Release|Any CPU
		{2C5B887E-9725-D59C-9501-A5DEC0C5F97B}.Release|Any CPU.Build.0 = Release|Any CPU
	EndGlobalSection
	GlobalSection(SolutionProperties) = preSolution
		HideSolutionNode = FALSE
	EndGlobalSection
EndGlobal
